// !$*UTF8*$!
{
	archiveVersion = 1;
	classes = {
	};
	objectVersion = 51;
	objects = {

/* Begin PBXBuildFile section */
		990A8594238A800E00F51A4D /* SchulteTableGameTableCollectionViewCell.swift in Sources */ = {isa = PBXBuildFile; fileRef = 990A8593238A800E00F51A4D /* SchulteTableGameTableCollectionViewCell.swift */; };
		990C2688236E215500836AC6 /* SchulteTableStartViewController.swift in Sources */ = {isa = PBXBuildFile; fileRef = 990C2687236E215500836AC6 /* SchulteTableStartViewController.swift */; };
		990DE7FD22F8742500D18A86 /* NotoSans-Bold.ttf in Resources */ = {isa = PBXBuildFile; fileRef = 9923FA4222F872D900F33B0C /* NotoSans-Bold.ttf */; };
		990DE7FE22F8742500D18A86 /* NotoSans-BoldItalic.ttf in Resources */ = {isa = PBXBuildFile; fileRef = 9923FA3E22F872D900F33B0C /* NotoSans-BoldItalic.ttf */; };
		990DE7FF22F8742500D18A86 /* NotoSans-Regular.ttf in Resources */ = {isa = PBXBuildFile; fileRef = 9923FA3B22F872D800F33B0C /* NotoSans-Regular.ttf */; };
		990DE80022F8742500D18A86 /* NotoSans-RegularItalic.ttf in Resources */ = {isa = PBXBuildFile; fileRef = 9923FA3F22F872D900F33B0C /* NotoSans-RegularItalic.ttf */; };
		990DE80122F8742500D18A86 /* NotoSerif-Bold.ttf in Resources */ = {isa = PBXBuildFile; fileRef = 9923FA3C22F872D900F33B0C /* NotoSerif-Bold.ttf */; };
		990DE80222F8742500D18A86 /* NotoSerif-BoldItalic.ttf in Resources */ = {isa = PBXBuildFile; fileRef = 9923FA4122F872D900F33B0C /* NotoSerif-BoldItalic.ttf */; };
		990DE80322F8742500D18A86 /* NotoSerif-Regular.ttf in Resources */ = {isa = PBXBuildFile; fileRef = 9923FA3D22F872D900F33B0C /* NotoSerif-Regular.ttf */; };
		990DE80422F8742500D18A86 /* NotoSerif-RegularItalic.ttf in Resources */ = {isa = PBXBuildFile; fileRef = 9923FA4022F872D900F33B0C /* NotoSerif-RegularItalic.ttf */; };
		990DE80622F8B13C00D18A86 /* LevelsCollectionViewCell.swift in Sources */ = {isa = PBXBuildFile; fileRef = 990DE80522F8B13C00D18A86 /* LevelsCollectionViewCell.swift */; };
		9923FA1B22F60FA500F33B0C /* FruitsStartViewController.swift in Sources */ = {isa = PBXBuildFile; fileRef = 9923FA1A22F60FA500F33B0C /* FruitsStartViewController.swift */; };
		9923FA1F22F7A5E700F33B0C /* NotificationsProcesses.swift in Sources */ = {isa = PBXBuildFile; fileRef = 9923FA1E22F7A5E700F33B0C /* NotificationsProcesses.swift */; };
		9928825923046AD40078664E /* FruitsGameViewController.swift in Sources */ = {isa = PBXBuildFile; fileRef = 9928825823046AD40078664E /* FruitsGameViewController.swift */; };
		992BEF0D22E8BB0C00A9360A /* Calendar.swift in Sources */ = {isa = PBXBuildFile; fileRef = 992BEF0C22E8BB0C00A9360A /* Calendar.swift */; };
		992EEE4C236F0A7F005FA8C2 /* SchulteTableStartConfigurator.swift in Sources */ = {isa = PBXBuildFile; fileRef = 992EEE4B236F0A7F005FA8C2 /* SchulteTableStartConfigurator.swift */; };
		992EEE4E236F0AA0005FA8C2 /* SchulteTableStartPresenter.swift in Sources */ = {isa = PBXBuildFile; fileRef = 992EEE4D236F0AA0005FA8C2 /* SchulteTableStartPresenter.swift */; };
		9930EAA9239D3AD20013C521 /* Pods_Neuron.framework in Frameworks */ = {isa = PBXBuildFile; fileRef = 5A358E2485961FFE39BADD9A /* Pods_Neuron.framework */; };
		9930EAAA239D3AD20013C521 /* Pods_Neuron.framework in Embed Frameworks */ = {isa = PBXBuildFile; fileRef = 5A358E2485961FFE39BADD9A /* Pods_Neuron.framework */; settings = {ATTRIBUTES = (CodeSignOnCopy, RemoveHeadersOnCopy, ); }; };
		993B048423BE32F100EFC884 /* LacesStartViewController.swift in Sources */ = {isa = PBXBuildFile; fileRef = 993B048323BE32F100EFC884 /* LacesStartViewController.swift */; };
		993B048623BE333A00EFC884 /* LacesStartPresenter.swift in Sources */ = {isa = PBXBuildFile; fileRef = 993B048523BE333A00EFC884 /* LacesStartPresenter.swift */; };
		993B048823BE334200EFC884 /* LacesStartConfigurator.swift in Sources */ = {isa = PBXBuildFile; fileRef = 993B048723BE334200EFC884 /* LacesStartConfigurator.swift */; };
		994CBBA622DF44A5007B5BD5 /* Design.swift in Sources */ = {isa = PBXBuildFile; fileRef = 994CBBA522DF44A5007B5BD5 /* Design.swift */; };
		9966A7262350A5B900C6CAB1 /* UseCases.swift in Sources */ = {isa = PBXBuildFile; fileRef = 9966A7252350A5B900C6CAB1 /* UseCases.swift */; };
		9966A7282354997800C6CAB1 /* DataBase.swift in Sources */ = {isa = PBXBuildFile; fileRef = 9966A7272354997800C6CAB1 /* DataBase.swift */; };
		9966A72A23590AA900C6CAB1 /* Model.swift in Sources */ = {isa = PBXBuildFile; fileRef = 9966A72923590AA900C6CAB1 /* Model.swift */; };
		9969C3692386AF7300F8D222 /* SchulteTableGameViewController.swift in Sources */ = {isa = PBXBuildFile; fileRef = 9969C3682386AF7300F8D222 /* SchulteTableGameViewController.swift */; };
		9969C36B2387076500F8D222 /* SchulteTableGamePresenter.swift in Sources */ = {isa = PBXBuildFile; fileRef = 9969C36A2387076500F8D222 /* SchulteTableGamePresenter.swift */; };
		9969C36D2387077E00F8D222 /* SchulteTableGameConfigurator.swift in Sources */ = {isa = PBXBuildFile; fileRef = 9969C36C2387077E00F8D222 /* SchulteTableGameConfigurator.swift */; };
		9969C36F2388048600F8D222 /* Settings.swift in Sources */ = {isa = PBXBuildFile; fileRef = 9969C36E2388048600F8D222 /* Settings.swift */; };
		996F4B1E22E3741900B19478 /* Home.storyboard in Resources */ = {isa = PBXBuildFile; fileRef = 996F4B1D22E3741900B19478 /* Home.storyboard */; };
		996F4B2022E3768900B19478 /* Stats.storyboard in Resources */ = {isa = PBXBuildFile; fileRef = 996F4B1F22E3768900B19478 /* Stats.storyboard */; };
		996F4B2222E376A000B19478 /* Settings.storyboard in Resources */ = {isa = PBXBuildFile; fileRef = 996F4B2122E376A000B19478 /* Settings.storyboard */; };
		9971E2CE2337CAA4004B639A /* Fruits.swift in Sources */ = {isa = PBXBuildFile; fileRef = 9971E2CD2337CAA4004B639A /* Fruits.swift */; };
		9971E2D02337F038004B639A /* CustomIntensityVisualEffectView.swift in Sources */ = {isa = PBXBuildFile; fileRef = 9971E2CF2337F038004B639A /* CustomIntensityVisualEffectView.swift */; };
		9971E2D323380EE9004B639A /* FruitsGamePopUpBottomView.swift in Sources */ = {isa = PBXBuildFile; fileRef = 9971E2D223380EE9004B639A /* FruitsGamePopUpBottomView.swift */; };
		9974E1FE22E3DE1600EED8FC /* NoteTableViewCell.swift in Sources */ = {isa = PBXBuildFile; fileRef = 9974E1FD22E3DE1600EED8FC /* NoteTableViewCell.swift */; };
		9974E20622E3F67900EED8FC /* SettingsViewController.swift in Sources */ = {isa = PBXBuildFile; fileRef = 9974E20522E3F67900EED8FC /* SettingsViewController.swift */; };
		9974E20822E3F6F500EED8FC /* AllNotesTableViewController.swift in Sources */ = {isa = PBXBuildFile; fileRef = 9974E20722E3F6F500EED8FC /* AllNotesTableViewController.swift */; };
		9974E23D22E7A46800EED8FC /* CalendarViewController.swift in Sources */ = {isa = PBXBuildFile; fileRef = 9974E23C22E7A46800EED8FC /* CalendarViewController.swift */; };
		997742BB22F40ADF00D763F5 /* AddNoteCellButton.swift in Sources */ = {isa = PBXBuildFile; fileRef = 997742BA22F40ADF00D763F5 /* AddNoteCellButton.swift */; };
		9987AAD822DF81DD0047215F /* DiaryCollectionViewCell.swift in Sources */ = {isa = PBXBuildFile; fileRef = 9987AAD722DF81DD0047215F /* DiaryCollectionViewCell.swift */; };
		998A459823BE7F36009FFC5F /* LacesStartLevelsCollectionViewCell.swift in Sources */ = {isa = PBXBuildFile; fileRef = 998A459723BE7F36009FFC5F /* LacesStartLevelsCollectionViewCell.swift */; };
		999CDDFB22E842FD00D3ED7D /* CalendarCollectionViewCell.swift in Sources */ = {isa = PBXBuildFile; fileRef = 999CDDFA22E842FD00D3ED7D /* CalendarCollectionViewCell.swift */; };
		99A5A61822E0D9D700C28FE1 /* NoteViewController.swift in Sources */ = {isa = PBXBuildFile; fileRef = 99A5A61722E0D9D700C28FE1 /* NoteViewController.swift */; };
		99B0F51722DDDC1B0037A4CA /* AppDelegate.swift in Sources */ = {isa = PBXBuildFile; fileRef = 99B0F51622DDDC1B0037A4CA /* AppDelegate.swift */; };
		99B0F51922DDDC1B0037A4CA /* HomeViewController.swift in Sources */ = {isa = PBXBuildFile; fileRef = 99B0F51822DDDC1B0037A4CA /* HomeViewController.swift */; };
		99B0F51C22DDDC1B0037A4CA /* Main.storyboard in Resources */ = {isa = PBXBuildFile; fileRef = 99B0F51A22DDDC1B0037A4CA /* Main.storyboard */; };
		99B0F51F22DDDC1B0037A4CA /* Neuron.xcdatamodeld in Sources */ = {isa = PBXBuildFile; fileRef = 99B0F51D22DDDC1B0037A4CA /* Neuron.xcdatamodeld */; };
		99B0F52122DDDC1C0037A4CA /* Assets.xcassets in Resources */ = {isa = PBXBuildFile; fileRef = 99B0F52022DDDC1C0037A4CA /* Assets.xcassets */; };
		99B0F52422DDDC1C0037A4CA /* LaunchScreen.storyboard in Resources */ = {isa = PBXBuildFile; fileRef = 99B0F52222DDDC1C0037A4CA /* LaunchScreen.storyboard */; };
		99B46DCB232E45B300156597 /* FruitsGamePopUpTopView.swift in Sources */ = {isa = PBXBuildFile; fileRef = 99B46DCA232E45B300156597 /* FruitsGamePopUpTopView.swift */; };
		99B46DD0232FB7BF00156597 /* FruitsGamePresenter.swift in Sources */ = {isa = PBXBuildFile; fileRef = 99B46DCF232FB7BF00156597 /* FruitsGamePresenter.swift */; };
		99D9528523C0E94F00E783C8 /* LacesGameViewController.swift in Sources */ = {isa = PBXBuildFile; fileRef = 99D9528423C0E94F00E783C8 /* LacesGameViewController.swift */; };
		99D9528723C0E96E00E783C8 /* LacesGamePresenter.swift in Sources */ = {isa = PBXBuildFile; fileRef = 99D9528623C0E96E00E783C8 /* LacesGamePresenter.swift */; };
		99D9528923C0E98000E783C8 /* LacesGameConfigurator.swift in Sources */ = {isa = PBXBuildFile; fileRef = 99D9528823C0E98000E783C8 /* LacesGameConfigurator.swift */; };
		99D9528B23C224BC00E783C8 /* Postfixes.swift in Sources */ = {isa = PBXBuildFile; fileRef = 99D9528A23C224BC00E783C8 /* Postfixes.swift */; };
		99DC16272376E70A006DCBC1 /* SchulteTableStartLevelsCollectionViewCell.swift in Sources */ = {isa = PBXBuildFile; fileRef = 99DC16262376E70A006DCBC1 /* SchulteTableStartLevelsCollectionViewCell.swift */; };
		99E30FC8239E69AF00D53F8A /* SchulteTableGamePopUpTopView.xib in Resources */ = {isa = PBXBuildFile; fileRef = 99E30FC7239E69AF00D53F8A /* SchulteTableGamePopUpTopView.xib */; };
		99E30FCA239E6BE500D53F8A /* SchulteTableGamePopUpTopView.swift in Sources */ = {isa = PBXBuildFile; fileRef = 99E30FC9239E6BE500D53F8A /* SchulteTableGamePopUpTopView.swift */; };
		99E30FCC239E6F2100D53F8A /* SchulteTableGamePopUpBottomView.xib in Resources */ = {isa = PBXBuildFile; fileRef = 99E30FCB239E6F2100D53F8A /* SchulteTableGamePopUpBottomView.xib */; };
		99E30FCE239E74BD00D53F8A /* SchulteTableGamePopUpBottomView.swift in Sources */ = {isa = PBXBuildFile; fileRef = 99E30FCD239E74BD00D53F8A /* SchulteTableGamePopUpBottomView.swift */; };
		99F8320122EBA184004275BB /* CoreDataProcesses.swift in Sources */ = {isa = PBXBuildFile; fileRef = 99F8320022EBA184004275BB /* CoreDataProcesses.swift */; };
		99F9B2BE232151CF00FEEA69 /* FluidCardView.swift in Sources */ = {isa = PBXBuildFile; fileRef = 99F9B2BD232151CF00FEEA69 /* FluidCardView.swift */; };
		99F9B2C02321525500FEEA69 /* ExpandButton.swift in Sources */ = {isa = PBXBuildFile; fileRef = 99F9B2BF2321525500FEEA69 /* ExpandButton.swift */; };
		99F9B2C22321527200FEEA69 /* Extensions.swift in Sources */ = {isa = PBXBuildFile; fileRef = 99F9B2C12321527200FEEA69 /* Extensions.swift */; };
		99F9B2C42321528C00FEEA69 /* TimingFunction.swift in Sources */ = {isa = PBXBuildFile; fileRef = 99F9B2C32321528C00FEEA69 /* TimingFunction.swift */; };
		99F9B2C6232152B800FEEA69 /* UnitBezier.swift in Sources */ = {isa = PBXBuildFile; fileRef = 99F9B2C5232152B800FEEA69 /* UnitBezier.swift */; };
		99F9B2C9232156BC00FEEA69 /* FruitsGamePopUpTopView.xib in Resources */ = {isa = PBXBuildFile; fileRef = 99F9B2C8232156BC00FEEA69 /* FruitsGamePopUpTopView.xib */; };
		99F9B2CB23219B1D00FEEA69 /* FruitsGamePopUpBottomView.xib in Resources */ = {isa = PBXBuildFile; fileRef = 99F9B2CA23219B1D00FEEA69 /* FruitsGamePopUpBottomView.xib */; };
		CA45108EDE202D277AA2C3F5 /* FruitsGameConfigurator.swift in Sources */ = {isa = PBXBuildFile; fileRef = CA451E2F4E7CB40EE6813734 /* FruitsGameConfigurator.swift */; };
/* End PBXBuildFile section */

/* Begin PBXCopyFilesBuildPhase section */
		9930EAAB239D3AD20013C521 /* Embed Frameworks */ = {
			isa = PBXCopyFilesBuildPhase;
			buildActionMask = 2147483647;
			dstPath = "";
			dstSubfolderSpec = 10;
			files = (
				9930EAAA239D3AD20013C521 /* Pods_Neuron.framework in Embed Frameworks */,
			);
			name = "Embed Frameworks";
			runOnlyForDeploymentPostprocessing = 0;
		};
/* End PBXCopyFilesBuildPhase section */

/* Begin PBXFileReference section */
		5A358E2485961FFE39BADD9A /* Pods_Neuron.framework */ = {isa = PBXFileReference; explicitFileType = wrapper.framework; includeInIndex = 0; path = Pods_Neuron.framework; sourceTree = BUILT_PRODUCTS_DIR; };
		5C5F89F655FAFDE00BF0549C /* Pods-Neuron.debug.xcconfig */ = {isa = PBXFileReference; includeInIndex = 1; lastKnownFileType = text.xcconfig; name = "Pods-Neuron.debug.xcconfig"; path = "Target Support Files/Pods-Neuron/Pods-Neuron.debug.xcconfig"; sourceTree = "<group>"; };
		990A8593238A800E00F51A4D /* SchulteTableGameTableCollectionViewCell.swift */ = {isa = PBXFileReference; lastKnownFileType = sourcecode.swift; path = SchulteTableGameTableCollectionViewCell.swift; sourceTree = "<group>"; };
		990C2687236E215500836AC6 /* SchulteTableStartViewController.swift */ = {isa = PBXFileReference; lastKnownFileType = sourcecode.swift; path = SchulteTableStartViewController.swift; sourceTree = "<group>"; };
		990DE80522F8B13C00D18A86 /* LevelsCollectionViewCell.swift */ = {isa = PBXFileReference; lastKnownFileType = sourcecode.swift; path = LevelsCollectionViewCell.swift; sourceTree = "<group>"; };
		9923FA1A22F60FA500F33B0C /* FruitsStartViewController.swift */ = {isa = PBXFileReference; lastKnownFileType = sourcecode.swift; path = FruitsStartViewController.swift; sourceTree = "<group>"; };
		9923FA1E22F7A5E700F33B0C /* NotificationsProcesses.swift */ = {isa = PBXFileReference; lastKnownFileType = sourcecode.swift; path = NotificationsProcesses.swift; sourceTree = "<group>"; };
		9923FA3B22F872D800F33B0C /* NotoSans-Regular.ttf */ = {isa = PBXFileReference; lastKnownFileType = file; path = "NotoSans-Regular.ttf"; sourceTree = "<group>"; };
		9923FA3C22F872D900F33B0C /* NotoSerif-Bold.ttf */ = {isa = PBXFileReference; lastKnownFileType = file; path = "NotoSerif-Bold.ttf"; sourceTree = "<group>"; };
		9923FA3D22F872D900F33B0C /* NotoSerif-Regular.ttf */ = {isa = PBXFileReference; lastKnownFileType = file; path = "NotoSerif-Regular.ttf"; sourceTree = "<group>"; };
		9923FA3E22F872D900F33B0C /* NotoSans-BoldItalic.ttf */ = {isa = PBXFileReference; lastKnownFileType = file; path = "NotoSans-BoldItalic.ttf"; sourceTree = "<group>"; };
		9923FA3F22F872D900F33B0C /* NotoSans-RegularItalic.ttf */ = {isa = PBXFileReference; lastKnownFileType = file; path = "NotoSans-RegularItalic.ttf"; sourceTree = "<group>"; };
		9923FA4022F872D900F33B0C /* NotoSerif-RegularItalic.ttf */ = {isa = PBXFileReference; lastKnownFileType = file; path = "NotoSerif-RegularItalic.ttf"; sourceTree = "<group>"; };
		9923FA4122F872D900F33B0C /* NotoSerif-BoldItalic.ttf */ = {isa = PBXFileReference; lastKnownFileType = file; path = "NotoSerif-BoldItalic.ttf"; sourceTree = "<group>"; };
		9923FA4222F872D900F33B0C /* NotoSans-Bold.ttf */ = {isa = PBXFileReference; lastKnownFileType = file; path = "NotoSans-Bold.ttf"; sourceTree = "<group>"; };
		9928825823046AD40078664E /* FruitsGameViewController.swift */ = {isa = PBXFileReference; lastKnownFileType = sourcecode.swift; path = FruitsGameViewController.swift; sourceTree = "<group>"; };
		992BEF0C22E8BB0C00A9360A /* Calendar.swift */ = {isa = PBXFileReference; lastKnownFileType = sourcecode.swift; path = Calendar.swift; sourceTree = "<group>"; };
		992EEE4B236F0A7F005FA8C2 /* SchulteTableStartConfigurator.swift */ = {isa = PBXFileReference; lastKnownFileType = sourcecode.swift; path = SchulteTableStartConfigurator.swift; sourceTree = "<group>"; };
		992EEE4D236F0AA0005FA8C2 /* SchulteTableStartPresenter.swift */ = {isa = PBXFileReference; lastKnownFileType = sourcecode.swift; path = SchulteTableStartPresenter.swift; sourceTree = "<group>"; };
		9930EAAC239D3ADF0013C521 /* DeviceKit.framework */ = {isa = PBXFileReference; explicitFileType = wrapper.framework; path = DeviceKit.framework; sourceTree = BUILT_PRODUCTS_DIR; };
		993B048323BE32F100EFC884 /* LacesStartViewController.swift */ = {isa = PBXFileReference; lastKnownFileType = sourcecode.swift; path = LacesStartViewController.swift; sourceTree = "<group>"; };
		993B048523BE333A00EFC884 /* LacesStartPresenter.swift */ = {isa = PBXFileReference; lastKnownFileType = sourcecode.swift; path = LacesStartPresenter.swift; sourceTree = "<group>"; };
		993B048723BE334200EFC884 /* LacesStartConfigurator.swift */ = {isa = PBXFileReference; lastKnownFileType = sourcecode.swift; path = LacesStartConfigurator.swift; sourceTree = "<group>"; };
		994CBBA522DF44A5007B5BD5 /* Design.swift */ = {isa = PBXFileReference; lastKnownFileType = sourcecode.swift; path = Design.swift; sourceTree = "<group>"; };
		9966A7252350A5B900C6CAB1 /* UseCases.swift */ = {isa = PBXFileReference; lastKnownFileType = sourcecode.swift; path = UseCases.swift; sourceTree = "<group>"; };
		9966A7272354997800C6CAB1 /* DataBase.swift */ = {isa = PBXFileReference; lastKnownFileType = sourcecode.swift; path = DataBase.swift; sourceTree = "<group>"; };
		9966A72923590AA900C6CAB1 /* Model.swift */ = {isa = PBXFileReference; lastKnownFileType = sourcecode.swift; path = Model.swift; sourceTree = "<group>"; };
		9969C3682386AF7300F8D222 /* SchulteTableGameViewController.swift */ = {isa = PBXFileReference; lastKnownFileType = sourcecode.swift; path = SchulteTableGameViewController.swift; sourceTree = "<group>"; };
		9969C36A2387076500F8D222 /* SchulteTableGamePresenter.swift */ = {isa = PBXFileReference; lastKnownFileType = sourcecode.swift; path = SchulteTableGamePresenter.swift; sourceTree = "<group>"; };
		9969C36C2387077E00F8D222 /* SchulteTableGameConfigurator.swift */ = {isa = PBXFileReference; lastKnownFileType = sourcecode.swift; path = SchulteTableGameConfigurator.swift; sourceTree = "<group>"; };
		9969C36E2388048600F8D222 /* Settings.swift */ = {isa = PBXFileReference; lastKnownFileType = sourcecode.swift; path = Settings.swift; sourceTree = "<group>"; };
		996F4B1D22E3741900B19478 /* Home.storyboard */ = {isa = PBXFileReference; lastKnownFileType = file.storyboard; path = Home.storyboard; sourceTree = "<group>"; };
		996F4B1F22E3768900B19478 /* Stats.storyboard */ = {isa = PBXFileReference; lastKnownFileType = file.storyboard; path = Stats.storyboard; sourceTree = "<group>"; };
		996F4B2122E376A000B19478 /* Settings.storyboard */ = {isa = PBXFileReference; lastKnownFileType = file.storyboard; path = Settings.storyboard; sourceTree = "<group>"; };
		9971E2CD2337CAA4004B639A /* Fruits.swift */ = {isa = PBXFileReference; lastKnownFileType = sourcecode.swift; path = Fruits.swift; sourceTree = "<group>"; };
		9971E2CF2337F038004B639A /* CustomIntensityVisualEffectView.swift */ = {isa = PBXFileReference; lastKnownFileType = sourcecode.swift; path = CustomIntensityVisualEffectView.swift; sourceTree = "<group>"; };
		9971E2D223380EE9004B639A /* FruitsGamePopUpBottomView.swift */ = {isa = PBXFileReference; lastKnownFileType = sourcecode.swift; path = FruitsGamePopUpBottomView.swift; sourceTree = "<group>"; };
		9974E1FD22E3DE1600EED8FC /* NoteTableViewCell.swift */ = {isa = PBXFileReference; lastKnownFileType = sourcecode.swift; path = NoteTableViewCell.swift; sourceTree = "<group>"; };
		9974E20522E3F67900EED8FC /* SettingsViewController.swift */ = {isa = PBXFileReference; lastKnownFileType = sourcecode.swift; path = SettingsViewController.swift; sourceTree = "<group>"; };
		9974E20722E3F6F500EED8FC /* AllNotesTableViewController.swift */ = {isa = PBXFileReference; lastKnownFileType = sourcecode.swift; path = AllNotesTableViewController.swift; sourceTree = "<group>"; };
		9974E23C22E7A46800EED8FC /* CalendarViewController.swift */ = {isa = PBXFileReference; lastKnownFileType = sourcecode.swift; name = CalendarViewController.swift; path = "Neuron/Screens/Home/All Notes/Calendar/CalendarViewController.swift"; sourceTree = SOURCE_ROOT; };
		997742BA22F40ADF00D763F5 /* AddNoteCellButton.swift */ = {isa = PBXFileReference; lastKnownFileType = sourcecode.swift; path = AddNoteCellButton.swift; sourceTree = "<group>"; };
		9987AAD722DF81DD0047215F /* DiaryCollectionViewCell.swift */ = {isa = PBXFileReference; lastKnownFileType = sourcecode.swift; path = DiaryCollectionViewCell.swift; sourceTree = "<group>"; };
		998A459723BE7F36009FFC5F /* LacesStartLevelsCollectionViewCell.swift */ = {isa = PBXFileReference; lastKnownFileType = sourcecode.swift; path = LacesStartLevelsCollectionViewCell.swift; sourceTree = "<group>"; };
		999CDDFA22E842FD00D3ED7D /* CalendarCollectionViewCell.swift */ = {isa = PBXFileReference; lastKnownFileType = sourcecode.swift; path = CalendarCollectionViewCell.swift; sourceTree = "<group>"; };
		99A5A61722E0D9D700C28FE1 /* NoteViewController.swift */ = {isa = PBXFileReference; lastKnownFileType = sourcecode.swift; path = NoteViewController.swift; sourceTree = "<group>"; };
		99B0F51322DDDC1B0037A4CA /* Neuron.app */ = {isa = PBXFileReference; explicitFileType = wrapper.application; includeInIndex = 0; path = Neuron.app; sourceTree = BUILT_PRODUCTS_DIR; };
		99B0F51622DDDC1B0037A4CA /* AppDelegate.swift */ = {isa = PBXFileReference; lastKnownFileType = sourcecode.swift; path = AppDelegate.swift; sourceTree = "<group>"; };
		99B0F51822DDDC1B0037A4CA /* HomeViewController.swift */ = {isa = PBXFileReference; lastKnownFileType = sourcecode.swift; path = HomeViewController.swift; sourceTree = "<group>"; };
		99B0F51B22DDDC1B0037A4CA /* Base */ = {isa = PBXFileReference; lastKnownFileType = file.storyboard; name = Base; path = Base.lproj/Main.storyboard; sourceTree = "<group>"; };
		99B0F51E22DDDC1B0037A4CA /* Neuron.xcdatamodel */ = {isa = PBXFileReference; lastKnownFileType = wrapper.xcdatamodel; path = Neuron.xcdatamodel; sourceTree = "<group>"; };
		99B0F52022DDDC1C0037A4CA /* Assets.xcassets */ = {isa = PBXFileReference; lastKnownFileType = folder.assetcatalog; path = Assets.xcassets; sourceTree = "<group>"; };
		99B0F52322DDDC1C0037A4CA /* Base */ = {isa = PBXFileReference; lastKnownFileType = file.storyboard; name = Base; path = Base.lproj/LaunchScreen.storyboard; sourceTree = "<group>"; };
		99B0F52522DDDC1C0037A4CA /* Info.plist */ = {isa = PBXFileReference; lastKnownFileType = text.plist.xml; path = Info.plist; sourceTree = "<group>"; };
		99B46DCA232E45B300156597 /* FruitsGamePopUpTopView.swift */ = {isa = PBXFileReference; lastKnownFileType = sourcecode.swift; path = FruitsGamePopUpTopView.swift; sourceTree = "<group>"; };
		99B46DCF232FB7BF00156597 /* FruitsGamePresenter.swift */ = {isa = PBXFileReference; lastKnownFileType = sourcecode.swift; path = FruitsGamePresenter.swift; sourceTree = "<group>"; };
		99D9528423C0E94F00E783C8 /* LacesGameViewController.swift */ = {isa = PBXFileReference; lastKnownFileType = sourcecode.swift; path = LacesGameViewController.swift; sourceTree = "<group>"; };
		99D9528623C0E96E00E783C8 /* LacesGamePresenter.swift */ = {isa = PBXFileReference; lastKnownFileType = sourcecode.swift; path = LacesGamePresenter.swift; sourceTree = "<group>"; };
		99D9528823C0E98000E783C8 /* LacesGameConfigurator.swift */ = {isa = PBXFileReference; lastKnownFileType = sourcecode.swift; path = LacesGameConfigurator.swift; sourceTree = "<group>"; };
		99D9528A23C224BC00E783C8 /* Postfixes.swift */ = {isa = PBXFileReference; lastKnownFileType = sourcecode.swift; path = Postfixes.swift; sourceTree = "<group>"; };
		99DC16262376E70A006DCBC1 /* SchulteTableStartLevelsCollectionViewCell.swift */ = {isa = PBXFileReference; lastKnownFileType = sourcecode.swift; path = SchulteTableStartLevelsCollectionViewCell.swift; sourceTree = "<group>"; };
		99E30FC7239E69AF00D53F8A /* SchulteTableGamePopUpTopView.xib */ = {isa = PBXFileReference; lastKnownFileType = file.xib; path = SchulteTableGamePopUpTopView.xib; sourceTree = "<group>"; };
		99E30FC9239E6BE500D53F8A /* SchulteTableGamePopUpTopView.swift */ = {isa = PBXFileReference; lastKnownFileType = sourcecode.swift; path = SchulteTableGamePopUpTopView.swift; sourceTree = "<group>"; };
		99E30FCB239E6F2100D53F8A /* SchulteTableGamePopUpBottomView.xib */ = {isa = PBXFileReference; lastKnownFileType = file.xib; path = SchulteTableGamePopUpBottomView.xib; sourceTree = "<group>"; };
		99E30FCD239E74BD00D53F8A /* SchulteTableGamePopUpBottomView.swift */ = {isa = PBXFileReference; lastKnownFileType = sourcecode.swift; path = SchulteTableGamePopUpBottomView.swift; sourceTree = "<group>"; };
		99F8320022EBA184004275BB /* CoreDataProcesses.swift */ = {isa = PBXFileReference; lastKnownFileType = sourcecode.swift; path = CoreDataProcesses.swift; sourceTree = "<group>"; };
		99F9B2BD232151CF00FEEA69 /* FluidCardView.swift */ = {isa = PBXFileReference; lastKnownFileType = sourcecode.swift; path = FluidCardView.swift; sourceTree = "<group>"; };
		99F9B2BF2321525500FEEA69 /* ExpandButton.swift */ = {isa = PBXFileReference; lastKnownFileType = sourcecode.swift; path = ExpandButton.swift; sourceTree = "<group>"; };
		99F9B2C12321527200FEEA69 /* Extensions.swift */ = {isa = PBXFileReference; lastKnownFileType = sourcecode.swift; path = Extensions.swift; sourceTree = "<group>"; };
		99F9B2C32321528C00FEEA69 /* TimingFunction.swift */ = {isa = PBXFileReference; lastKnownFileType = sourcecode.swift; path = TimingFunction.swift; sourceTree = "<group>"; };
		99F9B2C5232152B800FEEA69 /* UnitBezier.swift */ = {isa = PBXFileReference; lastKnownFileType = sourcecode.swift; path = UnitBezier.swift; sourceTree = "<group>"; };
		99F9B2C8232156BC00FEEA69 /* FruitsGamePopUpTopView.xib */ = {isa = PBXFileReference; lastKnownFileType = file.xib; path = FruitsGamePopUpTopView.xib; sourceTree = "<group>"; };
		99F9B2CA23219B1D00FEEA69 /* FruitsGamePopUpBottomView.xib */ = {isa = PBXFileReference; lastKnownFileType = file.xib; path = FruitsGamePopUpBottomView.xib; sourceTree = "<group>"; };
		CA451E2F4E7CB40EE6813734 /* FruitsGameConfigurator.swift */ = {isa = PBXFileReference; fileEncoding = 4; lastKnownFileType = sourcecode.swift; path = FruitsGameConfigurator.swift; sourceTree = "<group>"; };
		D0F1DAE99B9D28DCE537C84D /* Pods-Neuron.release.xcconfig */ = {isa = PBXFileReference; includeInIndex = 1; lastKnownFileType = text.xcconfig; name = "Pods-Neuron.release.xcconfig"; path = "Target Support Files/Pods-Neuron/Pods-Neuron.release.xcconfig"; sourceTree = "<group>"; };
/* End PBXFileReference section */

/* Begin PBXFrameworksBuildPhase section */
		99B0F51022DDDC1B0037A4CA /* Frameworks */ = {
			isa = PBXFrameworksBuildPhase;
			buildActionMask = 2147483647;
			files = (
				9930EAA9239D3AD20013C521 /* Pods_Neuron.framework in Frameworks */,
			);
			runOnlyForDeploymentPostprocessing = 0;
		};
/* End PBXFrameworksBuildPhase section */

/* Begin PBXGroup section */
		2D24BC7FFD98248F2A2E8F86 /* Frameworks */ = {
			isa = PBXGroup;
			children = (
				9930EAAC239D3ADF0013C521 /* DeviceKit.framework */,
				5A358E2485961FFE39BADD9A /* Pods_Neuron.framework */,
			);
			name = Frameworks;
			sourceTree = "<group>";
		};
		4E7B9E2D3E26947D5CD4A00D /* Pods */ = {
			isa = PBXGroup;
			children = (
				5C5F89F655FAFDE00BF0549C /* Pods-Neuron.debug.xcconfig */,
				D0F1DAE99B9D28DCE537C84D /* Pods-Neuron.release.xcconfig */,
			);
			path = Pods;
			sourceTree = "<group>";
		};
		990C2685236E20EC00836AC6 /* SchulteTableGame */ = {
			isa = PBXGroup;
			children = (
				9969C3672386AEDF00F8D222 /* GameScreen */,
				990C2686236E211000836AC6 /* StartScreen */,
			);
			path = SchulteTableGame;
			sourceTree = "<group>";
		};
		990C2686236E211000836AC6 /* StartScreen */ = {
			isa = PBXGroup;
			children = (
				990C2687236E215500836AC6 /* SchulteTableStartViewController.swift */,
				99DC16262376E70A006DCBC1 /* SchulteTableStartLevelsCollectionViewCell.swift */,
				992EEE4B236F0A7F005FA8C2 /* SchulteTableStartConfigurator.swift */,
				992EEE4D236F0AA0005FA8C2 /* SchulteTableStartPresenter.swift */,
				9969C36E2388048600F8D222 /* Settings.swift */,
			);
			path = StartScreen;
			sourceTree = "<group>";
		};
		990DE7FC22F8740B00D18A86 /* Fonts */ = {
			isa = PBXGroup;
			children = (
				9923FA4222F872D900F33B0C /* NotoSans-Bold.ttf */,
				9923FA3E22F872D900F33B0C /* NotoSans-BoldItalic.ttf */,
				9923FA3B22F872D800F33B0C /* NotoSans-Regular.ttf */,
				9923FA3F22F872D900F33B0C /* NotoSans-RegularItalic.ttf */,
				9923FA3C22F872D900F33B0C /* NotoSerif-Bold.ttf */,
				9923FA4122F872D900F33B0C /* NotoSerif-BoldItalic.ttf */,
				9923FA3D22F872D900F33B0C /* NotoSerif-Regular.ttf */,
				9923FA4022F872D900F33B0C /* NotoSerif-RegularItalic.ttf */,
			);
			path = Fonts;
			sourceTree = "<group>";
		};
		9923FA1922F60F5700F33B0C /* FruitsGame */ = {
			isa = PBXGroup;
			children = (
				9928825723046AAD0078664E /* GameScreen */,
				99288256230454A40078664E /* StartScreen */,
			);
			path = FruitsGame;
			sourceTree = "<group>";
		};
		9923FA1C22F6111600F33B0C /* Home */ = {
			isa = PBXGroup;
			children = (
				99B0F51822DDDC1B0037A4CA /* HomeViewController.swift */,
				9987AAD722DF81DD0047215F /* DiaryCollectionViewCell.swift */,
				997742BA22F40ADF00D763F5 /* AddNoteCellButton.swift */,
			);
			path = Home;
			sourceTree = "<group>";
		};
		9923FA1D22F61DDF00F33B0C /* AllNotes */ = {
			isa = PBXGroup;
			children = (
				9974E20722E3F6F500EED8FC /* AllNotesTableViewController.swift */,
				9974E1FD22E3DE1600EED8FC /* NoteTableViewCell.swift */,
			);
			path = AllNotes;
			sourceTree = "<group>";
		};
		9927B21322EB51CB00912384 /* Statistics */ = {
			isa = PBXGroup;
			children = (
			);
			path = Statistics;
			sourceTree = "<group>";
		};
		99288256230454A40078664E /* StartScreen */ = {
			isa = PBXGroup;
			children = (
				9923FA1A22F60FA500F33B0C /* FruitsStartViewController.swift */,
				990DE80522F8B13C00D18A86 /* LevelsCollectionViewCell.swift */,
			);
			path = StartScreen;
			sourceTree = "<group>";
		};
		9928825723046AAD0078664E /* GameScreen */ = {
			isa = PBXGroup;
			children = (
				9971E2D12337FCAC004B639A /* Entity */,
				99B46DCC232FB21800156597 /* Model */,
				99B46DCD232FB72200156597 /* View */,
				99B46DCE232FB72F00156597 /* Presenter */,
				99F9B2BA2321516900FEEA69 /* FluidCard */,
				CA451E2F4E7CB40EE6813734 /* FruitsGameConfigurator.swift */,
			);
			path = GameScreen;
			sourceTree = "<group>";
		};
		993B048123BE329500EFC884 /* LacesGame */ = {
			isa = PBXGroup;
			children = (
				99D9528323C0E92A00E783C8 /* GameScreen */,
				993B048223BE32A400EFC884 /* StartScreen */,
			);
			path = LacesGame;
			sourceTree = "<group>";
		};
		993B048223BE32A400EFC884 /* StartScreen */ = {
			isa = PBXGroup;
			children = (
				993B048323BE32F100EFC884 /* LacesStartViewController.swift */,
				993B048523BE333A00EFC884 /* LacesStartPresenter.swift */,
				993B048723BE334200EFC884 /* LacesStartConfigurator.swift */,
				998A459723BE7F36009FFC5F /* LacesStartLevelsCollectionViewCell.swift */,
			);
			path = StartScreen;
			sourceTree = "<group>";
		};
		9969C3672386AEDF00F8D222 /* GameScreen */ = {
			isa = PBXGroup;
			children = (
				9969C3682386AF7300F8D222 /* SchulteTableGameViewController.swift */,
				9969C36A2387076500F8D222 /* SchulteTableGamePresenter.swift */,
				9969C36C2387077E00F8D222 /* SchulteTableGameConfigurator.swift */,
				990A8593238A800E00F51A4D /* SchulteTableGameTableCollectionViewCell.swift */,
				99E30FC9239E6BE500D53F8A /* SchulteTableGamePopUpTopView.swift */,
				99E30FCD239E74BD00D53F8A /* SchulteTableGamePopUpBottomView.swift */,
			);
			path = GameScreen;
			sourceTree = "<group>";
		};
		996F4B1822E36E6B00B19478 /* Home */ = {
			isa = PBXGroup;
			children = (
				9923FA1C22F6111600F33B0C /* Home */,
				996F4B1A22E36F8100B19478 /* Note */,
				996F4B1B22E36FB600B19478 /* All Notes */,
				9923FA1922F60F5700F33B0C /* FruitsGame */,
				990C2685236E20EC00836AC6 /* SchulteTableGame */,
				993B048123BE329500EFC884 /* LacesGame */,
			);
			path = Home;
			sourceTree = "<group>";
		};
		996F4B1922E36F1300B19478 /* Screens */ = {
			isa = PBXGroup;
			children = (
				996F4B1822E36E6B00B19478 /* Home */,
				9927B21322EB51CB00912384 /* Statistics */,
				9974E20422E3F5F400EED8FC /* Settings */,
			);
			path = Screens;
			sourceTree = "<group>";
		};
		996F4B1A22E36F8100B19478 /* Note */ = {
			isa = PBXGroup;
			children = (
				99A5A61722E0D9D700C28FE1 /* NoteViewController.swift */,
			);
			path = Note;
			sourceTree = "<group>";
		};
		996F4B1B22E36FB600B19478 /* All Notes */ = {
			isa = PBXGroup;
			children = (
				9923FA1D22F61DDF00F33B0C /* AllNotes */,
				9974E23B22E765E000EED8FC /* Calendar */,
			);
			path = "All Notes";
			sourceTree = "<group>";
		};
		996F4B1C22E3740000B19478 /* Storyboards */ = {
			isa = PBXGroup;
			children = (
				996F4B1D22E3741900B19478 /* Home.storyboard */,
				99B0F52222DDDC1C0037A4CA /* LaunchScreen.storyboard */,
				99B0F51A22DDDC1B0037A4CA /* Main.storyboard */,
				996F4B2122E376A000B19478 /* Settings.storyboard */,
				996F4B1F22E3768900B19478 /* Stats.storyboard */,
			);
			path = Storyboards;
			sourceTree = "<group>";
		};
		9971E2D12337FCAC004B639A /* Entity */ = {
			isa = PBXGroup;
			children = (
				9971E2CD2337CAA4004B639A /* Fruits.swift */,
			);
			path = Entity;
			sourceTree = "<group>";
		};
		9974E20422E3F5F400EED8FC /* Settings */ = {
			isa = PBXGroup;
			children = (
				9974E20522E3F67900EED8FC /* SettingsViewController.swift */,
			);
			path = Settings;
			sourceTree = "<group>";
		};
		9974E23B22E765E000EED8FC /* Calendar */ = {
			isa = PBXGroup;
			children = (
				9974E23C22E7A46800EED8FC /* CalendarViewController.swift */,
				999CDDFA22E842FD00D3ED7D /* CalendarCollectionViewCell.swift */,
				992BEF0C22E8BB0C00A9360A /* Calendar.swift */,
			);
			path = Calendar;
			sourceTree = "<group>";
		};
		99B0F50A22DDDC1B0037A4CA = {
			isa = PBXGroup;
			children = (
				99B0F51522DDDC1B0037A4CA /* Neuron */,
				990DE7FC22F8740B00D18A86 /* Fonts */,
				4E7B9E2D3E26947D5CD4A00D /* Pods */,
				99B0F51422DDDC1B0037A4CA /* Products */,
				2D24BC7FFD98248F2A2E8F86 /* Frameworks */,
			);
			sourceTree = "<group>";
		};
		99B0F51422DDDC1B0037A4CA /* Products */ = {
			isa = PBXGroup;
			children = (
				99B0F51322DDDC1B0037A4CA /* Neuron.app */,
			);
			name = Products;
			sourceTree = "<group>";
		};
		99B0F51522DDDC1B0037A4CA /* Neuron */ = {
			isa = PBXGroup;
			children = (
				99F9B2C72321568900FEEA69 /* Xibs */,
				996F4B1C22E3740000B19478 /* Storyboards */,
				99CDB50022EDF8B6007660BE /* Helpers */,
				996F4B1922E36F1300B19478 /* Screens */,
				99B0F51622DDDC1B0037A4CA /* AppDelegate.swift */,
				9923FA1E22F7A5E700F33B0C /* NotificationsProcesses.swift */,
				99B0F52022DDDC1C0037A4CA /* Assets.xcassets */,
				99B0F52522DDDC1C0037A4CA /* Info.plist */,
				99B0F51D22DDDC1B0037A4CA /* Neuron.xcdatamodeld */,
			);
			path = Neuron;
			sourceTree = "<group>";
		};
		99B46DCC232FB21800156597 /* Model */ = {
			isa = PBXGroup;
			children = (
				9966A7252350A5B900C6CAB1 /* UseCases.swift */,
				9966A7272354997800C6CAB1 /* DataBase.swift */,
				9966A72923590AA900C6CAB1 /* Model.swift */,
			);
			path = Model;
			sourceTree = "<group>";
		};
		99B46DCD232FB72200156597 /* View */ = {
			isa = PBXGroup;
			children = (
				9928825823046AD40078664E /* FruitsGameViewController.swift */,
				9971E2CF2337F038004B639A /* CustomIntensityVisualEffectView.swift */,
				99B46DCA232E45B300156597 /* FruitsGamePopUpTopView.swift */,
				9971E2D223380EE9004B639A /* FruitsGamePopUpBottomView.swift */,
			);
			path = View;
			sourceTree = "<group>";
		};
		99B46DCE232FB72F00156597 /* Presenter */ = {
			isa = PBXGroup;
			children = (
				99B46DCF232FB7BF00156597 /* FruitsGamePresenter.swift */,
			);
			path = Presenter;
			sourceTree = "<group>";
		};
		99CDB50022EDF8B6007660BE /* Helpers */ = {
			isa = PBXGroup;
			children = (
				99F8320022EBA184004275BB /* CoreDataProcesses.swift */,
				994CBBA522DF44A5007B5BD5 /* Design.swift */,
				99D9528A23C224BC00E783C8 /* Postfixes.swift */,
			);
			path = Helpers;
			sourceTree = "<group>";
		};
		99D9528323C0E92A00E783C8 /* GameScreen */ = {
			isa = PBXGroup;
			children = (
				99D9528423C0E94F00E783C8 /* LacesGameViewController.swift */,
				99D9528623C0E96E00E783C8 /* LacesGamePresenter.swift */,
				99D9528823C0E98000E783C8 /* LacesGameConfigurator.swift */,
			);
			path = GameScreen;
			sourceTree = "<group>";
		};
		99F9B2BA2321516900FEEA69 /* FluidCard */ = {
			isa = PBXGroup;
			children = (
				99F9B2BC2321518300FEEA69 /* Extensions */,
				99F9B2BB2321517700FEEA69 /* TimingFunctions */,
				99F9B2BD232151CF00FEEA69 /* FluidCardView.swift */,
				99F9B2BF2321525500FEEA69 /* ExpandButton.swift */,
			);
			path = FluidCard;
			sourceTree = "<group>";
		};
		99F9B2BB2321517700FEEA69 /* TimingFunctions */ = {
			isa = PBXGroup;
			children = (
				99F9B2C32321528C00FEEA69 /* TimingFunction.swift */,
				99F9B2C5232152B800FEEA69 /* UnitBezier.swift */,
			);
			path = TimingFunctions;
			sourceTree = "<group>";
		};
		99F9B2BC2321518300FEEA69 /* Extensions */ = {
			isa = PBXGroup;
			children = (
				99F9B2C12321527200FEEA69 /* Extensions.swift */,
			);
			path = Extensions;
			sourceTree = "<group>";
		};
		99F9B2C72321568900FEEA69 /* Xibs */ = {
			isa = PBXGroup;
			children = (
				99F9B2C8232156BC00FEEA69 /* FruitsGamePopUpTopView.xib */,
				99F9B2CA23219B1D00FEEA69 /* FruitsGamePopUpBottomView.xib */,
				99E30FC7239E69AF00D53F8A /* SchulteTableGamePopUpTopView.xib */,
				99E30FCB239E6F2100D53F8A /* SchulteTableGamePopUpBottomView.xib */,
			);
			path = Xibs;
			sourceTree = "<group>";
		};
/* End PBXGroup section */

/* Begin PBXNativeTarget section */
		99B0F51222DDDC1B0037A4CA /* Neuron */ = {
			isa = PBXNativeTarget;
			buildConfigurationList = 99B0F52822DDDC1C0037A4CA /* Build configuration list for PBXNativeTarget "Neuron" */;
			buildPhases = (
				E374B4C9288B02D65AC11E90 /* [CP] Check Pods Manifest.lock */,
				99B0F50F22DDDC1B0037A4CA /* Sources */,
				99B0F51022DDDC1B0037A4CA /* Frameworks */,
				99B0F51122DDDC1B0037A4CA /* Resources */,
				9D1754CFB684F71D63E4D083 /* [CP] Embed Pods Frameworks */,
				9930EAAB239D3AD20013C521 /* Embed Frameworks */,
			);
			buildRules = (
			);
			dependencies = (
			);
			name = Neuron;
			productName = Neuron;
			productReference = 99B0F51322DDDC1B0037A4CA /* Neuron.app */;
			productType = "com.apple.product-type.application";
		};
/* End PBXNativeTarget section */

/* Begin PBXProject section */
		99B0F50B22DDDC1B0037A4CA /* Project object */ = {
			isa = PBXProject;
			attributes = {
				LastSwiftUpdateCheck = 1020;
				LastUpgradeCheck = 1020;
				ORGANIZATIONNAME = Commodo;
				TargetAttributes = {
					99B0F51222DDDC1B0037A4CA = {
						CreatedOnToolsVersion = 10.2.1;
					};
				};
			};
			buildConfigurationList = 99B0F50E22DDDC1B0037A4CA /* Build configuration list for PBXProject "Neuron" */;
			compatibilityVersion = "Xcode 9.3";
			developmentRegion = en;
			hasScannedForEncodings = 0;
			knownRegions = (
				en,
				Base,
			);
			mainGroup = 99B0F50A22DDDC1B0037A4CA;
			productRefGroup = 99B0F51422DDDC1B0037A4CA /* Products */;
			projectDirPath = "";
			projectRoot = "";
			targets = (
				99B0F51222DDDC1B0037A4CA /* Neuron */,
			);
		};
/* End PBXProject section */

/* Begin PBXResourcesBuildPhase section */
		99B0F51122DDDC1B0037A4CA /* Resources */ = {
			isa = PBXResourcesBuildPhase;
			buildActionMask = 2147483647;
			files = (
				99E30FC8239E69AF00D53F8A /* SchulteTableGamePopUpTopView.xib in Resources */,
				990DE7FF22F8742500D18A86 /* NotoSans-Regular.ttf in Resources */,
				99F9B2C9232156BC00FEEA69 /* FruitsGamePopUpTopView.xib in Resources */,
				990DE80422F8742500D18A86 /* NotoSerif-RegularItalic.ttf in Resources */,
				99B0F52422DDDC1C0037A4CA /* LaunchScreen.storyboard in Resources */,
				990DE80122F8742500D18A86 /* NotoSerif-Bold.ttf in Resources */,
				990DE80322F8742500D18A86 /* NotoSerif-Regular.ttf in Resources */,
				99B0F52122DDDC1C0037A4CA /* Assets.xcassets in Resources */,
				99E30FCC239E6F2100D53F8A /* SchulteTableGamePopUpBottomView.xib in Resources */,
				996F4B2022E3768900B19478 /* Stats.storyboard in Resources */,
				990DE80222F8742500D18A86 /* NotoSerif-BoldItalic.ttf in Resources */,
				990DE7FD22F8742500D18A86 /* NotoSans-Bold.ttf in Resources */,
				990DE7FE22F8742500D18A86 /* NotoSans-BoldItalic.ttf in Resources */,
				996F4B2222E376A000B19478 /* Settings.storyboard in Resources */,
				99B0F51C22DDDC1B0037A4CA /* Main.storyboard in Resources */,
				990DE80022F8742500D18A86 /* NotoSans-RegularItalic.ttf in Resources */,
				996F4B1E22E3741900B19478 /* Home.storyboard in Resources */,
				99F9B2CB23219B1D00FEEA69 /* FruitsGamePopUpBottomView.xib in Resources */,
			);
			runOnlyForDeploymentPostprocessing = 0;
		};
/* End PBXResourcesBuildPhase section */

/* Begin PBXShellScriptBuildPhase section */
		9D1754CFB684F71D63E4D083 /* [CP] Embed Pods Frameworks */ = {
			isa = PBXShellScriptBuildPhase;
			buildActionMask = 2147483647;
			files = (
			);
			inputFileListPaths = (
				"${PODS_ROOT}/Target Support Files/Pods-Neuron/Pods-Neuron-frameworks-${CONFIGURATION}-input-files.xcfilelist",
			);
			name = "[CP] Embed Pods Frameworks";
			outputFileListPaths = (
				"${PODS_ROOT}/Target Support Files/Pods-Neuron/Pods-Neuron-frameworks-${CONFIGURATION}-output-files.xcfilelist",
			);
			runOnlyForDeploymentPostprocessing = 0;
			shellPath = /bin/sh;
			shellScript = "\"${PODS_ROOT}/Target Support Files/Pods-Neuron/Pods-Neuron-frameworks.sh\"\n";
			showEnvVarsInLog = 0;
		};
		E374B4C9288B02D65AC11E90 /* [CP] Check Pods Manifest.lock */ = {
			isa = PBXShellScriptBuildPhase;
			buildActionMask = 2147483647;
			files = (
			);
			inputFileListPaths = (
			);
			inputPaths = (
				"${PODS_PODFILE_DIR_PATH}/Podfile.lock",
				"${PODS_ROOT}/Manifest.lock",
			);
			name = "[CP] Check Pods Manifest.lock";
			outputFileListPaths = (
			);
			outputPaths = (
				"$(DERIVED_FILE_DIR)/Pods-Neuron-checkManifestLockResult.txt",
			);
			runOnlyForDeploymentPostprocessing = 0;
			shellPath = /bin/sh;
			shellScript = "diff \"${PODS_PODFILE_DIR_PATH}/Podfile.lock\" \"${PODS_ROOT}/Manifest.lock\" > /dev/null\nif [ $? != 0 ] ; then\n    # print error to STDERR\n    echo \"error: The sandbox is not in sync with the Podfile.lock. Run 'pod install' or update your CocoaPods installation.\" >&2\n    exit 1\nfi\n# This output is used by Xcode 'outputs' to avoid re-running this script phase.\necho \"SUCCESS\" > \"${SCRIPT_OUTPUT_FILE_0}\"\n";
			showEnvVarsInLog = 0;
		};
/* End PBXShellScriptBuildPhase section */

/* Begin PBXSourcesBuildPhase section */
		99B0F50F22DDDC1B0037A4CA /* Sources */ = {
			isa = PBXSourcesBuildPhase;
			buildActionMask = 2147483647;
			files = (
				9969C36B2387076500F8D222 /* SchulteTableGamePresenter.swift in Sources */,
				998A459823BE7F36009FFC5F /* LacesStartLevelsCollectionViewCell.swift in Sources */,
				9969C3692386AF7300F8D222 /* SchulteTableGameViewController.swift in Sources */,
				99D9528923C0E98000E783C8 /* LacesGameConfigurator.swift in Sources */,
				9974E23D22E7A46800EED8FC /* CalendarViewController.swift in Sources */,
				990A8594238A800E00F51A4D /* SchulteTableGameTableCollectionViewCell.swift in Sources */,
				99B0F51F22DDDC1B0037A4CA /* Neuron.xcdatamodeld in Sources */,
				99B0F51922DDDC1B0037A4CA /* HomeViewController.swift in Sources */,
				99D9528723C0E96E00E783C8 /* LacesGamePresenter.swift in Sources */,
				99F8320122EBA184004275BB /* CoreDataProcesses.swift in Sources */,
				9974E20622E3F67900EED8FC /* SettingsViewController.swift in Sources */,
				99D9528523C0E94F00E783C8 /* LacesGameViewController.swift in Sources */,
				9971E2CE2337CAA4004B639A /* Fruits.swift in Sources */,
				993B048623BE333A00EFC884 /* LacesStartPresenter.swift in Sources */,
				9971E2D02337F038004B639A /* CustomIntensityVisualEffectView.swift in Sources */,
				9966A7262350A5B900C6CAB1 /* UseCases.swift in Sources */,
				99F9B2C02321525500FEEA69 /* ExpandButton.swift in Sources */,
				9923FA1B22F60FA500F33B0C /* FruitsStartViewController.swift in Sources */,
				99F9B2C42321528C00FEEA69 /* TimingFunction.swift in Sources */,
				990DE80622F8B13C00D18A86 /* LevelsCollectionViewCell.swift in Sources */,
				99A5A61822E0D9D700C28FE1 /* NoteViewController.swift in Sources */,
				9974E1FE22E3DE1600EED8FC /* NoteTableViewCell.swift in Sources */,
				9923FA1F22F7A5E700F33B0C /* NotificationsProcesses.swift in Sources */,
				9971E2D323380EE9004B639A /* FruitsGamePopUpBottomView.swift in Sources */,
				99B0F51722DDDC1B0037A4CA /* AppDelegate.swift in Sources */,
				9969C36D2387077E00F8D222 /* SchulteTableGameConfigurator.swift in Sources */,
				992EEE4C236F0A7F005FA8C2 /* SchulteTableStartConfigurator.swift in Sources */,
				99F9B2C6232152B800FEEA69 /* UnitBezier.swift in Sources */,
				9966A7282354997800C6CAB1 /* DataBase.swift in Sources */,
				992BEF0D22E8BB0C00A9360A /* Calendar.swift in Sources */,
				99B46DD0232FB7BF00156597 /* FruitsGamePresenter.swift in Sources */,
				993B048423BE32F100EFC884 /* LacesStartViewController.swift in Sources */,
				993B048823BE334200EFC884 /* LacesStartConfigurator.swift in Sources */,
				99DC16272376E70A006DCBC1 /* SchulteTableStartLevelsCollectionViewCell.swift in Sources */,
				99F9B2C22321527200FEEA69 /* Extensions.swift in Sources */,
				99F9B2BE232151CF00FEEA69 /* FluidCardView.swift in Sources */,
				9966A72A23590AA900C6CAB1 /* Model.swift in Sources */,
				997742BB22F40ADF00D763F5 /* AddNoteCellButton.swift in Sources */,
				9928825923046AD40078664E /* FruitsGameViewController.swift in Sources */,
				99E30FCE239E74BD00D53F8A /* SchulteTableGamePopUpBottomView.swift in Sources */,
				9974E20822E3F6F500EED8FC /* AllNotesTableViewController.swift in Sources */,
				99D9528B23C224BC00E783C8 /* Postfixes.swift in Sources */,
				99E30FCA239E6BE500D53F8A /* SchulteTableGamePopUpTopView.swift in Sources */,
				999CDDFB22E842FD00D3ED7D /* CalendarCollectionViewCell.swift in Sources */,
				992EEE4E236F0AA0005FA8C2 /* SchulteTableStartPresenter.swift in Sources */,
				9969C36F2388048600F8D222 /* Settings.swift in Sources */,
				9987AAD822DF81DD0047215F /* DiaryCollectionViewCell.swift in Sources */,
				990C2688236E215500836AC6 /* SchulteTableStartViewController.swift in Sources */,
				99B46DCB232E45B300156597 /* FruitsGamePopUpTopView.swift in Sources */,
				994CBBA622DF44A5007B5BD5 /* Design.swift in Sources */,
				CA45108EDE202D277AA2C3F5 /* FruitsGameConfigurator.swift in Sources */,
			);
			runOnlyForDeploymentPostprocessing = 0;
		};
/* End PBXSourcesBuildPhase section */

/* Begin PBXVariantGroup section */
		99B0F51A22DDDC1B0037A4CA /* Main.storyboard */ = {
			isa = PBXVariantGroup;
			children = (
				99B0F51B22DDDC1B0037A4CA /* Base */,
			);
			name = Main.storyboard;
			sourceTree = "<group>";
		};
		99B0F52222DDDC1C0037A4CA /* LaunchScreen.storyboard */ = {
			isa = PBXVariantGroup;
			children = (
				99B0F52322DDDC1C0037A4CA /* Base */,
			);
			name = LaunchScreen.storyboard;
			sourceTree = "<group>";
		};
/* End PBXVariantGroup section */

/* Begin XCBuildConfiguration section */
		99B0F52622DDDC1C0037A4CA /* Debug */ = {
			isa = XCBuildConfiguration;
			buildSettings = {
				ALWAYS_SEARCH_USER_PATHS = NO;
				CLANG_ANALYZER_NONNULL = YES;
				CLANG_ANALYZER_NUMBER_OBJECT_CONVERSION = YES_AGGRESSIVE;
				CLANG_CXX_LANGUAGE_STANDARD = "gnu++14";
				CLANG_CXX_LIBRARY = "libc++";
				CLANG_ENABLE_MODULES = YES;
				CLANG_ENABLE_OBJC_ARC = YES;
				CLANG_ENABLE_OBJC_WEAK = YES;
				CLANG_WARN_BLOCK_CAPTURE_AUTORELEASING = YES;
				CLANG_WARN_BOOL_CONVERSION = YES;
				CLANG_WARN_COMMA = YES;
				CLANG_WARN_CONSTANT_CONVERSION = YES;
				CLANG_WARN_DEPRECATED_OBJC_IMPLEMENTATIONS = YES;
				CLANG_WARN_DIRECT_OBJC_ISA_USAGE = YES_ERROR;
				CLANG_WARN_DOCUMENTATION_COMMENTS = YES;
				CLANG_WARN_EMPTY_BODY = YES;
				CLANG_WARN_ENUM_CONVERSION = YES;
				CLANG_WARN_INFINITE_RECURSION = YES;
				CLANG_WARN_INT_CONVERSION = YES;
				CLANG_WARN_NON_LITERAL_NULL_CONVERSION = YES;
				CLANG_WARN_OBJC_IMPLICIT_RETAIN_SELF = YES;
				CLANG_WARN_OBJC_LITERAL_CONVERSION = YES;
				CLANG_WARN_OBJC_ROOT_CLASS = YES_ERROR;
				CLANG_WARN_RANGE_LOOP_ANALYSIS = YES;
				CLANG_WARN_STRICT_PROTOTYPES = YES;
				CLANG_WARN_SUSPICIOUS_MOVE = YES;
				CLANG_WARN_UNGUARDED_AVAILABILITY = YES_AGGRESSIVE;
				CLANG_WARN_UNREACHABLE_CODE = YES;
				CLANG_WARN__DUPLICATE_METHOD_MATCH = YES;
				CODE_SIGN_IDENTITY = "iPhone Developer";
				COPY_PHASE_STRIP = NO;
				DEBUG_INFORMATION_FORMAT = dwarf;
				ENABLE_STRICT_OBJC_MSGSEND = YES;
				ENABLE_TESTABILITY = YES;
				GCC_C_LANGUAGE_STANDARD = gnu11;
				GCC_DYNAMIC_NO_PIC = NO;
				GCC_NO_COMMON_BLOCKS = YES;
				GCC_OPTIMIZATION_LEVEL = 0;
				GCC_PREPROCESSOR_DEFINITIONS = (
					"DEBUG=1",
					"$(inherited)",
				);
				GCC_WARN_64_TO_32_BIT_CONVERSION = YES;
				GCC_WARN_ABOUT_RETURN_TYPE = YES_ERROR;
				GCC_WARN_UNDECLARED_SELECTOR = YES;
				GCC_WARN_UNINITIALIZED_AUTOS = YES_AGGRESSIVE;
				GCC_WARN_UNUSED_FUNCTION = YES;
				GCC_WARN_UNUSED_VARIABLE = YES;
				IPHONEOS_DEPLOYMENT_TARGET = 12.2;
				MTL_ENABLE_DEBUG_INFO = INCLUDE_SOURCE;
				MTL_FAST_MATH = YES;
				ONLY_ACTIVE_ARCH = YES;
				SDKROOT = iphoneos;
				SWIFT_ACTIVE_COMPILATION_CONDITIONS = DEBUG;
				SWIFT_OPTIMIZATION_LEVEL = "-Onone";
			};
			name = Debug;
		};
		99B0F52722DDDC1C0037A4CA /* Release */ = {
			isa = XCBuildConfiguration;
			buildSettings = {
				ALWAYS_SEARCH_USER_PATHS = NO;
				CLANG_ANALYZER_NONNULL = YES;
				CLANG_ANALYZER_NUMBER_OBJECT_CONVERSION = YES_AGGRESSIVE;
				CLANG_CXX_LANGUAGE_STANDARD = "gnu++14";
				CLANG_CXX_LIBRARY = "libc++";
				CLANG_ENABLE_MODULES = YES;
				CLANG_ENABLE_OBJC_ARC = YES;
				CLANG_ENABLE_OBJC_WEAK = YES;
				CLANG_WARN_BLOCK_CAPTURE_AUTORELEASING = YES;
				CLANG_WARN_BOOL_CONVERSION = YES;
				CLANG_WARN_COMMA = YES;
				CLANG_WARN_CONSTANT_CONVERSION = YES;
				CLANG_WARN_DEPRECATED_OBJC_IMPLEMENTATIONS = YES;
				CLANG_WARN_DIRECT_OBJC_ISA_USAGE = YES_ERROR;
				CLANG_WARN_DOCUMENTATION_COMMENTS = YES;
				CLANG_WARN_EMPTY_BODY = YES;
				CLANG_WARN_ENUM_CONVERSION = YES;
				CLANG_WARN_INFINITE_RECURSION = YES;
				CLANG_WARN_INT_CONVERSION = YES;
				CLANG_WARN_NON_LITERAL_NULL_CONVERSION = YES;
				CLANG_WARN_OBJC_IMPLICIT_RETAIN_SELF = YES;
				CLANG_WARN_OBJC_LITERAL_CONVERSION = YES;
				CLANG_WARN_OBJC_ROOT_CLASS = YES_ERROR;
				CLANG_WARN_RANGE_LOOP_ANALYSIS = YES;
				CLANG_WARN_STRICT_PROTOTYPES = YES;
				CLANG_WARN_SUSPICIOUS_MOVE = YES;
				CLANG_WARN_UNGUARDED_AVAILABILITY = YES_AGGRESSIVE;
				CLANG_WARN_UNREACHABLE_CODE = YES;
				CLANG_WARN__DUPLICATE_METHOD_MATCH = YES;
				CODE_SIGN_IDENTITY = "iPhone Developer";
				COPY_PHASE_STRIP = NO;
				DEBUG_INFORMATION_FORMAT = "dwarf-with-dsym";
				ENABLE_NS_ASSERTIONS = NO;
				ENABLE_STRICT_OBJC_MSGSEND = YES;
				GCC_C_LANGUAGE_STANDARD = gnu11;
				GCC_NO_COMMON_BLOCKS = YES;
				GCC_WARN_64_TO_32_BIT_CONVERSION = YES;
				GCC_WARN_ABOUT_RETURN_TYPE = YES_ERROR;
				GCC_WARN_UNDECLARED_SELECTOR = YES;
				GCC_WARN_UNINITIALIZED_AUTOS = YES_AGGRESSIVE;
				GCC_WARN_UNUSED_FUNCTION = YES;
				GCC_WARN_UNUSED_VARIABLE = YES;
				IPHONEOS_DEPLOYMENT_TARGET = 12.2;
				MTL_ENABLE_DEBUG_INFO = NO;
				MTL_FAST_MATH = YES;
				SDKROOT = iphoneos;
				SWIFT_COMPILATION_MODE = wholemodule;
				SWIFT_OPTIMIZATION_LEVEL = "-O";
				VALIDATE_PRODUCT = YES;
			};
			name = Release;
		};
		99B0F52922DDDC1C0037A4CA /* Debug */ = {
			isa = XCBuildConfiguration;
			baseConfigurationReference = 5C5F89F655FAFDE00BF0549C /* Pods-Neuron.debug.xcconfig */;
			buildSettings = {
				ASSETCATALOG_COMPILER_APPICON_NAME = AppIcon;
				CODE_SIGN_STYLE = Automatic;
				DEVELOPMENT_TEAM = 989TVX6JAA;
				INFOPLIST_FILE = Neuron/Info.plist;
				IPHONEOS_DEPLOYMENT_TARGET = 12.0;
				LD_RUNPATH_SEARCH_PATHS = (
					"$(inherited)",
					"@executable_path/Frameworks",
				);
				PRODUCT_BUNDLE_IDENTIFIER = Commodo.Neuron;
				PRODUCT_NAME = "$(TARGET_NAME)";
				SWIFT_VERSION = 5.0;
				TARGETED_DEVICE_FAMILY = 1;
			};
			name = Debug;
		};
		99B0F52A22DDDC1C0037A4CA /* Release */ = {
			isa = XCBuildConfiguration;
			baseConfigurationReference = D0F1DAE99B9D28DCE537C84D /* Pods-Neuron.release.xcconfig */;
			buildSettings = {
				ASSETCATALOG_COMPILER_APPICON_NAME = AppIcon;
				CODE_SIGN_STYLE = Automatic;
				DEVELOPMENT_TEAM = 989TVX6JAA;
				INFOPLIST_FILE = Neuron/Info.plist;
				IPHONEOS_DEPLOYMENT_TARGET = 12.0;
				LD_RUNPATH_SEARCH_PATHS = (
					"$(inherited)",
					"@executable_path/Frameworks",
				);
				PRODUCT_BUNDLE_IDENTIFIER = Commodo.Neuron;
				PRODUCT_NAME = "$(TARGET_NAME)";
				SWIFT_VERSION = 5.0;
				TARGETED_DEVICE_FAMILY = 1;
			};
			name = Release;
		};
/* End XCBuildConfiguration section */

/* Begin XCConfigurationList section */
		99B0F50E22DDDC1B0037A4CA /* Build configuration list for PBXProject "Neuron" */ = {
			isa = XCConfigurationList;
			buildConfigurations = (
				99B0F52622DDDC1C0037A4CA /* Debug */,
				99B0F52722DDDC1C0037A4CA /* Release */,
			);
			defaultConfigurationIsVisible = 0;
			defaultConfigurationName = Release;
		};
		99B0F52822DDDC1C0037A4CA /* Build configuration list for PBXNativeTarget "Neuron" */ = {
			isa = XCConfigurationList;
			buildConfigurations = (
				99B0F52922DDDC1C0037A4CA /* Debug */,
				99B0F52A22DDDC1C0037A4CA /* Release */,
			);
			defaultConfigurationIsVisible = 0;
			defaultConfigurationName = Release;
		};
/* End XCConfigurationList section */

/* Begin XCVersionGroup section */
		99B0F51D22DDDC1B0037A4CA /* Neuron.xcdatamodeld */ = {
			isa = XCVersionGroup;
			children = (
				99B0F51E22DDDC1B0037A4CA /* Neuron.xcdatamodel */,
			);
			currentVersion = 99B0F51E22DDDC1B0037A4CA /* Neuron.xcdatamodel */;
			path = Neuron.xcdatamodeld;
			sourceTree = "<group>";
			versionGroupType = wrapper.xcdatamodel;
		};
/* End XCVersionGroup section */
	};
	rootObject = 99B0F50B22DDDC1B0037A4CA /* Project object */;
}
